# THIS IS AN AUTOGENERATED FILE. DO NOT EDIT THIS FILE DIRECTLY.
# yarn lockfile v1


"@angular/animations@~8.0.1":
  version "8.0.2"
  resolved "https://registry.yarnpkg.com/@angular/animations/-/animations-8.0.2.tgz#40eead82eee787d8c39767de28d0fb3fd98e560d"
  integrity sha512-6buaGp6sgyLWbjioGU0Wp/O9nFEQqD2L18uX5g5P5hdpq0bgopAbBee7AefJ8Kc/Kf79FlaKu9fKP5AEkeC8tA==
  dependencies:
    tslib "^1.9.0"

"@angular/common@~8.0.1":
  version "8.0.2"
  resolved "https://registry.yarnpkg.com/@angular/common/-/common-8.0.2.tgz#826ff5942a52a26b865a236afcab572d753e21c2"
  integrity sha512-9lwrKso0XjyS7wu+8dEWa5yN1kCTdbelP6JElFhh0kAt0TbPVHJ/dXEwvIFk9/2MjYv2PbooQo1zsc5kAB2Rlg==
  dependencies:
    tslib "^1.9.0"

"@angular/compiler@~8.0.1":
  version "8.0.2"
  resolved "https://registry.yarnpkg.com/@angular/compiler/-/compiler-8.0.2.tgz#bb978479502ab9e17229dce10f096a21376f185c"
  integrity sha512-ktobrxpWX1eCwbDKOIUm5GRj8WGlHW/8MAQvDDFUnsGqXBHfOGiaySiEYX/XjeN8qu34IfXs736QkdzpMM4+iw==
  dependencies:
    tslib "^1.9.0"

"@angular/core@~8.0.1":
  version "8.0.2"
  resolved "https://registry.yarnpkg.com/@angular/core/-/core-8.0.2.tgz#378204bcad9be3c9edd27db5bbc3f8346cfef083"
  integrity sha512-g8BRvGZxTXb5GZ/xoC5Z94DGK3wMiD2jbmEQEbXGNM+c8E/Mo/W8GF44P7EU2d+V1oJoUh75SRK6U/StC+rLqA==
  dependencies:
    tslib "^1.9.0"

"@angular/forms@~8.0.1":
  version "8.0.2"
  resolved "https://registry.yarnpkg.com/@angular/forms/-/forms-8.0.2.tgz#2410c2ff85f67a20ce7a0190f947214d4f08e705"
  integrity sha512-LGu3b/wjNMCki5PnMUsfQlyaVZVOedNO+XccfluP4ZBQ5G/E2cz2tJ0UIHg3RhLbbpWntmqokpYLyd7leUPpIQ==
  dependencies:
    tslib "^1.9.0"

"@angular/platform-browser-dynamic@~8.0.1":
  version "8.0.2"
  resolved "https://registry.yarnpkg.com/@angular/platform-browser-dynamic/-/platform-browser-dynamic-8.0.2.tgz#2a5c0e5646aefd97437d74368db0074cf6ddbf42"
  integrity sha512-i9hBmcXauiQpvzRRNbBpMbQSsRh9YMv9phw9Ih54w2LdTUB64Vtrm3scQEWZ0sIONY3QbwEtu57k8euQPASErQ==
  dependencies:
    tslib "^1.9.0"

"@angular/platform-browser@~8.0.1":
  version "8.0.2"
  resolved "https://registry.yarnpkg.com/@angular/platform-browser/-/platform-browser-8.0.2.tgz#8fb00b8e3e272f3fa81a6cd8082d316e8e33fe1f"
  integrity sha512-iUoyhJ81jqvpmQI6Lu5NzRZR8azmnb2kX2FQ+LbwCvWQLfkLbTaa/Jl09/qN6KWpTsMogNQXVnjjgwoeaObvBw==
  dependencies:
    tslib "^1.9.0"

"@angular/router@~8.0.1":
  version "8.0.2"
  resolved "https://registry.yarnpkg.com/@angular/router/-/router-8.0.2.tgz#0c20a462e52dd9519f40b735cc756408a440c52c"
  integrity sha512-kgSqkvx3cgY0+ZTzkBVLa0sf0y0Fl7q3N+KX746pbCNjRRGa5gBkN7z+oyPDoG1l0fEiM6NLbFfcmuFwsdBO5w==
  dependencies:
    tslib "^1.9.0"

"@types/node@>=6":
  version "12.0.8"
  resolved "https://registry.yarnpkg.com/@types/node/-/node-12.0.8.tgz#551466be11b2adc3f3d47156758f610bd9f6b1d8"
  integrity sha512-b8bbUOTwzIY3V5vDTY1fIJ+ePKDUBqt2hC2woVGotdQQhG/2Sh62HOKHrT7ab+VerXAcPyAiTEipPu/FsreUtg==

"@types/zen-observable@^0.8.0":
  version "0.8.0"
  resolved "https://registry.yarnpkg.com/@types/zen-observable/-/zen-observable-0.8.0.tgz#8b63ab7f1aa5321248aad5ac890a485656dcea4d"
  integrity sha512-te5lMAWii1uEJ4FwLjzdlbw3+n0FZNOvFXHxQDKeT0dilh7HOzdMzV2TrJVUzq8ep7J4Na8OUYPRLSQkJHAlrg==

"@wry/context@^0.4.0":
  version "0.4.4"
  resolved "https://registry.yarnpkg.com/@wry/context/-/context-0.4.4.tgz#e50f5fa1d6cfaabf2977d1fda5ae91717f8815f8"
  integrity sha512-LrKVLove/zw6h2Md/KZyWxIkFM6AoyKp71OqpH9Hiip1csjPVoD3tPxlbQUNxEnHENks3UGgNpSBCAfq9KWuag==
  dependencies:
    "@types/node" ">=6"
    tslib "^1.9.3"

"@wry/equality@^0.1.2":
  version "0.1.9"
  resolved "https://registry.yarnpkg.com/@wry/equality/-/equality-0.1.9.tgz#b13e18b7a8053c6858aa6c85b54911fb31e3a909"
  integrity sha512-mB6ceGjpMGz1ZTza8HYnrPGos2mC6So4NhS1PtZ8s4Qt0K7fBiIGhpSxUbQmhwcSWE3no+bYxmI2OL6KuXYmoQ==
  dependencies:
    tslib "^1.9.3"

apollo-angular-link-http-common@~1.8.0:
  version "1.8.0"
  resolved "https://registry.yarnpkg.com/apollo-angular-link-http-common/-/apollo-angular-link-http-common-1.8.0.tgz#b9bbe8927b2178fb852ae0203336ff021247506a"
  integrity sha512-Dx/OXIOT8RBIIxr9cUSbes1Qnolqgy678o5qT/oDE3/pHcBLiJhTph57Nqhr1/zRYU6fnhKJ6E50wFX7/5LI5g==
  dependencies:
    tslib "^1.9.0"

apollo-angular-link-http@^1.6.0:
  version "1.8.0"
  resolved "https://registry.yarnpkg.com/apollo-angular-link-http/-/apollo-angular-link-http-1.8.0.tgz#544423cf43b82cbb0bdca0a06a1bdee13bd98437"
  integrity sha512-waby6cqjohVf5QV1ej3B1YqLvLflLqhDIsISQW583jPZ5/A1DIYmHJR5l+1KvFqEpwIRHRaXW6PyWABd8KzfSg==
  dependencies:
    apollo-angular-link-http-common "~1.8.0"
    extract-files "5.0.1"
    tslib "^1.9.0"

apollo-angular@^1.6.0:
  version "1.6.0"
  resolved "https://registry.yarnpkg.com/apollo-angular/-/apollo-angular-1.6.0.tgz#d71cce64d388f4b8e46583f3bf87802eb3458f10"
  integrity sha512-c8wEskvbGs7n6GNOnVzax6ng4RZtBctzUk9HqqjyLO8TCH4SWGBh1zuShG/9wDqJjTJAb3EcKd5XUJxFybAXeA==
  dependencies:
    semver "^6.0.0"
    tslib "^1.9.0"

apollo-cache-inmemory@^1.3.2:
  version "1.6.2"
  resolved "https://registry.yarnpkg.com/apollo-cache-inmemory/-/apollo-cache-inmemory-1.6.2.tgz#bbf2e4e1eacdf82b2d526f5c2f3b37e5acee3c5e"
  integrity sha512-AyCl3PGFv5Qv1w4N9vlg63GBPHXgMCekZy5mhlS042ji0GW84uTySX+r3F61ZX3+KM1vA4m9hQyctrEGiv5XjQ==
  dependencies:
    apollo-cache "^1.3.2"
    apollo-utilities "^1.3.2"
    optimism "^0.9.0"
    ts-invariant "^0.4.0"
    tslib "^1.9.3"

apollo-cache@1.3.2, apollo-cache@^1.3.2:
  version "1.3.2"
  resolved "https://registry.yarnpkg.com/apollo-cache/-/apollo-cache-1.3.2.tgz#df4dce56240d6c95c613510d7e409f7214e6d26a"
  integrity sha512-+KA685AV5ETEJfjZuviRTEImGA11uNBp/MJGnaCvkgr+BYRrGLruVKBv6WvyFod27WEB2sp7SsG8cNBKANhGLg==
  dependencies:
    apollo-utilities "^1.3.2"
    tslib "^1.9.3"

apollo-client@^2.6.0:
  version "2.6.3"
  resolved "https://registry.yarnpkg.com/apollo-client/-/apollo-client-2.6.3.tgz#9bb2d42fb59f1572e51417f341c5f743798d22db"
  integrity sha512-DS8pmF5CGiiJ658dG+mDn8pmCMMQIljKJSTeMNHnFuDLV0uAPZoeaAwVFiAmB408Ujqt92oIZ/8yJJAwSIhd4A==
  dependencies:
    "@types/zen-observable" "^0.8.0"
    apollo-cache "1.3.2"
    apollo-link "^1.0.0"
    apollo-utilities "1.3.2"
    symbol-observable "^1.0.2"
    ts-invariant "^0.4.0"
    tslib "^1.9.3"
    zen-observable "^0.8.0"

apollo-link@^1.0.0, apollo-link@^1.2.11:
  version "1.2.12"
  resolved "https://registry.yarnpkg.com/apollo-link/-/apollo-link-1.2.12.tgz#014b514fba95f1945c38ad4c216f31bcfee68429"
  integrity sha512-fsgIAXPKThyMVEMWQsUN22AoQI+J/pVXcjRGAShtk97h7D8O+SPskFinCGEkxPeQpE83uKaqafB2IyWdjN+J3Q==
  dependencies:
    apollo-utilities "^1.3.0"
    ts-invariant "^0.4.0"
    tslib "^1.9.3"
    zen-observable-ts "^0.8.19"

apollo-utilities@1.3.2, apollo-utilities@^1.3.0, apollo-utilities@^1.3.2:
  version "1.3.2"
  resolved "https://registry.yarnpkg.com/apollo-utilities/-/apollo-utilities-1.3.2.tgz#8cbdcf8b012f664cd6cb5767f6130f5aed9115c9"
  integrity sha512-JWNHj8XChz7S4OZghV6yc9FNnzEXj285QYp/nLNh943iObycI5GTDO3NGR9Dth12LRrSFMeDOConPfPln+WGfg==
  dependencies:
    "@wry/equality" "^0.1.2"
    fast-json-stable-stringify "^2.0.0"
    ts-invariant "^0.4.0"
    tslib "^1.9.3"

"client@file:client":
  version "0.0.0"
  dependencies:
    "@angular/animations" "~8.0.1"
    "@angular/common" "~8.0.1"
    "@angular/compiler" "~8.0.1"
    "@angular/core" "~8.0.1"
    "@angular/forms" "~8.0.1"
    "@angular/platform-browser" "~8.0.1"
    "@angular/platform-browser-dynamic" "~8.0.1"
    "@angular/router" "~8.0.1"
    apollo-angular "^1.6.0"
    apollo-angular-link-http "^1.6.0"
    apollo-cache-inmemory "^1.3.2"
    apollo-client "^2.6.0"
    apollo-link "^1.2.11"
    graphql "^14.3.1"
    graphql-tag "^2.10.0"
    rxjs "~6.4.0"
    tslib "^1.9.0"
    zone.js "~0.9.1"

extract-files@5.0.1:
  version "5.0.1"
  resolved "https://registry.yarnpkg.com/extract-files/-/extract-files-5.0.1.tgz#c9492a8410be643e260a376f0151361993d5f659"
  integrity sha512-qRW6y9eKF0VbCyOoOEtFhzJ3uykAw8GKwQVXyAIqwocyEWW4m+v+evec34RwtUkkxxHh7NKBLJ6AnXM8W4dH5w==

fast-json-stable-stringify@^2.0.0:
  version "2.0.0"
  resolved "https://registry.yarnpkg.com/fast-json-stable-stringify/-/fast-json-stable-stringify-2.0.0.tgz#d5142c0caee6b1189f87d3a76111064f86c8bbf2"
  integrity sha1-1RQsDK7msRifh9OnYREGT4bIu/I=

graphql-tag@^2.10.0:
  version "2.10.1"
  resolved "https://registry.yarnpkg.com/graphql-tag/-/graphql-tag-2.10.1.tgz#10aa41f1cd8fae5373eaf11f1f67260a3cad5e02"
  integrity sha512-jApXqWBzNXQ8jYa/HLkZJaVw9jgwNqZkywa2zfFn16Iv1Zb7ELNHkJaXHR7Quvd5SIGsy6Ny7SUKATgnu05uEg==

graphql@^14.3.1:
  version "14.3.1"
  resolved "https://registry.yarnpkg.com/graphql/-/graphql-14.3.1.tgz#b3aa50e61a841ada3c1f9ccda101c483f8e8c807"
  integrity sha512-FZm7kAa3FqKdXy8YSSpAoTtyDFMIYSpCDOr+3EqlI1bxmtHu+Vv/I2vrSeT1sBOEnEniX3uo4wFhFdS/8XN6gA==
  dependencies:
    iterall "^1.2.2"

iterall@^1.2.2:
  version "1.2.2"
  resolved "https://registry.yarnpkg.com/iterall/-/iterall-1.2.2.tgz#92d70deb8028e0c39ff3164fdbf4d8b088130cd7"
  integrity sha512-yynBb1g+RFUPY64fTrFv7nsjRrENBQJaX2UL+2Szc9REFrSNm1rpSXHGzhmAy7a9uv3vlvgBlXnf9RqmPH1/DA==

optimism@^0.9.0:
  version "0.9.5"
  resolved "https://registry.yarnpkg.com/optimism/-/optimism-0.9.5.tgz#b8b5dc9150e97b79ddbf2d2c6c0e44de4d255527"
  integrity sha512-lNvmuBgONAGrUbj/xpH69FjMOz1d0jvMNoOCKyVynUPzq2jgVlGL4jFYJqrUHzUfBv+jAFSCP61x5UkfbduYJA==
  dependencies:
    "@wry/context" "^0.4.0"

rxjs@~6.4.0:
  version "6.4.0"
  resolved "https://registry.yarnpkg.com/rxjs/-/rxjs-6.4.0.tgz#f3bb0fe7bda7fb69deac0c16f17b50b0b8790504"
  integrity sha512-Z9Yfa11F6B9Sg/BK9MnqnQ+aQYicPLtilXBp2yUtDt2JRCE0h26d33EnfO3ZxoNxG0T92OUucP3Ct7cpfkdFfw==
  dependencies:
    tslib "^1.9.0"

semver@^6.0.0:
  version "6.1.1"
  resolved "https://registry.yarnpkg.com/semver/-/semver-6.1.1.tgz#53f53da9b30b2103cd4f15eab3a18ecbcb210c9b"
  integrity sha512-rWYq2e5iYW+fFe/oPPtYJxYgjBm8sC4rmoGdUOgBB7VnwKt6HrL793l2voH1UlsyYZpJ4g0wfjnTEO1s1NP2eQ==

symbol-observable@^1.0.2:
  version "1.2.0"
  resolved "https://registry.yarnpkg.com/symbol-observable/-/symbol-observable-1.2.0.tgz#c22688aed4eab3cdc2dfeacbb561660560a00804"
  integrity sha512-e900nM8RRtGhlV36KGEU9k65K3mPb1WV70OdjfxlG2EAuM1noi/E/BaW/uMhL7bPEssK8QV57vN3esixjUvcXQ==

ts-invariant@^0.4.0:
  version "0.4.4"
  resolved "https://registry.yarnpkg.com/ts-invariant/-/ts-invariant-0.4.4.tgz#97a523518688f93aafad01b0e80eb803eb2abd86"
  integrity sha512-uEtWkFM/sdZvRNNDL3Ehu4WVpwaulhwQszV8mrtcdeE8nN00BV9mAmQ88RkrBhFgl9gMgvjJLAQcZbnPXI9mlA==
  dependencies:
    tslib "^1.9.3"

tslib@^1.9.0, tslib@^1.9.3:
  version "1.10.0"
  resolved "https://registry.yarnpkg.com/tslib/-/tslib-1.10.0.tgz#c3c19f95973fb0a62973fb09d90d961ee43e5c8a"
  integrity sha512-qOebF53frne81cf0S9B41ByenJ3/IuH8yJKngAX35CmiZySA0khhkovshKK+jGCaMnVomla7gVlIcc3EvKPbTQ==

zen-observable-ts@^0.8.19:
  version "0.8.19"
  resolved "https://registry.yarnpkg.com/zen-observable-ts/-/zen-observable-ts-0.8.19.tgz#c094cd20e83ddb02a11144a6e2a89706946b5694"
  integrity sha512-u1a2rpE13G+jSzrg3aiCqXU5tN2kw41b+cBZGmnc+30YimdkKiDj9bTowcB41eL77/17RF/h+393AuVgShyheQ==
  dependencies:
    tslib "^1.9.3"
    zen-observable "^0.8.0"

zen-observable@^0.8.0:
  version "0.8.14"
  resolved "https://registry.yarnpkg.com/zen-observable/-/zen-observable-0.8.14.tgz#d33058359d335bc0db1f0af66158b32872af3bf7"
  integrity sha512-kQz39uonEjEESwh+qCi83kcC3rZJGh4mrZW7xjkSQYXkq//JZHTtKo+6yuVloTgMtzsIWOJrjIrKvk/dqm0L5g==

zone.js@~0.9.1:
  version "0.9.1"
  resolved "https://registry.yarnpkg.com/zone.js/-/zone.js-0.9.1.tgz#e37c6e5c54c13fae4de26b5ffe8d8e9212da6d9b"
  integrity sha512-GkPiJL8jifSrKReKaTZ5jkhrMEgXbXYC+IPo1iquBjayRa0q86w3Dipjn8b415jpitMExe9lV8iTsv8tk3DGag==
